// !$*UTF8*$!
{
	archiveVersion = 1;
	classes = {
	};
	objectVersion = 46;
	objects = {

/* Begin PBXBuildFile section */
		2615E6D01CD04EC7002FE695 /* SQLiteModelDatabaseTest.swift in Sources */ = {isa = PBXBuildFile; fileRef = 2615E6CF1CD04EC7002FE695 /* SQLiteModelDatabaseTest.swift */; };
		263E9DA61CAB6F3B004B3DDC /* Operators.swift in Sources */ = {isa = PBXBuildFile; fileRef = 263E9DA51CAB6F3B004B3DDC /* Operators.swift */; };
		263E9DAA1CAB79A0004B3DDC /* SQLiteModelMultipleRelationshipTest.swift in Sources */ = {isa = PBXBuildFile; fileRef = 263E9DA91CAB79A0004B3DDC /* SQLiteModelMultipleRelationshipTest.swift */; };
		26459A001C4C3EFE00BD4D80 /* Relationship.swift in Sources */ = {isa = PBXBuildFile; fileRef = 264599FF1C4C3EFE00BD4D80 /* Relationship.swift */; };
		2646B8461C3CAC010010592A /* SQLiteModelSingularRelationshipTest.swift in Sources */ = {isa = PBXBuildFile; fileRef = 2646B8451C3CAC010010592A /* SQLiteModelSingularRelationshipTest.swift */; };
		2646B8501C3CB3880010592A /* Extensions.swift in Sources */ = {isa = PBXBuildFile; fileRef = 2646B84F1C3CB3880010592A /* Extensions.swift */; };
		26540D9F1C98ECC4000CE346 /* RelationshipModel.swift in Sources */ = {isa = PBXBuildFile; fileRef = 26540D9E1C98ECC4000CE346 /* RelationshipModel.swift */; };
		2658E34F1CD3263900F68412 /* SQLite.framework in Frameworks */ = {isa = PBXBuildFile; fileRef = 2658E34E1CD3263900F68412 /* SQLite.framework */; };
		26700C391CB4D84F000C8B3A /* SchemaUpdater.swift in Sources */ = {isa = PBXBuildFile; fileRef = 26700C381CB4D84F000C8B3A /* SchemaUpdater.swift */; };
		26700C3B1CB7788D000C8B3A /* SQLiteModelSchemaUpdaterTests.swift in Sources */ = {isa = PBXBuildFile; fileRef = 26700C3A1CB7788D000C8B3A /* SQLiteModelSchemaUpdaterTests.swift */; };
		26700C3D1CB89332000C8B3A /* SyncManager.swift in Sources */ = {isa = PBXBuildFile; fileRef = 26700C3C1CB89332000C8B3A /* SyncManager.swift */; };
		269721601CCC07D6003471D4 /* SQLiteModelThreadSafetyTests.swift in Sources */ = {isa = PBXBuildFile; fileRef = 2697215F1CCC07D6003471D4 /* SQLiteModelThreadSafetyTests.swift */; };
		26CB69951CC138D500FBE712 /* SQLiteModelScalarQueryTests.swift in Sources */ = {isa = PBXBuildFile; fileRef = 26CB69941CC138D500FBE712 /* SQLiteModelScalarQueryTests.swift */; };
		26D0E1A31CB06AB200CA93BC /* SQLiteModel+Implementation.swift in Sources */ = {isa = PBXBuildFile; fileRef = 26D0E1A21CB06AB200CA93BC /* SQLiteModel+Implementation.swift */; };
		26E0FCB81C2C9CEB00C192F7 /* SQLiteModel.h in Headers */ = {isa = PBXBuildFile; fileRef = 26E0FCB71C2C9CEB00C192F7 /* SQLiteModel.h */; settings = {ATTRIBUTES = (Public, ); }; };
		26E0FCBF1C2C9CEB00C192F7 /* SQLiteModel.framework in Frameworks */ = {isa = PBXBuildFile; fileRef = 26E0FCB41C2C9CEB00C192F7 /* SQLiteModel.framework */; };
		26E0FCC41C2C9CEB00C192F7 /* SQLiteModelFunctionalitySmokeTests.swift in Sources */ = {isa = PBXBuildFile; fileRef = 26E0FCC31C2C9CEB00C192F7 /* SQLiteModelFunctionalitySmokeTests.swift */; };
		26E0FD101C2CA3CD00C192F7 /* SQLiteModel.swift in Sources */ = {isa = PBXBuildFile; fileRef = 26E0FD0F1C2CA3CD00C192F7 /* SQLiteModel.swift */; };
		26E0FD311C2CA65900C192F7 /* SQLiteModelError.swift in Sources */ = {isa = PBXBuildFile; fileRef = 26E0FD301C2CA65900C192F7 /* SQLiteModelError.swift */; };
		26E0FD351C2F301200C192F7 /* Database.swift in Sources */ = {isa = PBXBuildFile; fileRef = 26E0FD341C2F301200C192F7 /* Database.swift */; };
		26E0FD3B1C2F44B600C192F7 /* SQLiteModelContextManager.swift in Sources */ = {isa = PBXBuildFile; fileRef = 26E0FD3A1C2F44B600C192F7 /* SQLiteModelContextManager.swift */; };
		26E0FD3D1C31EFA200C192F7 /* SQLiteModelTestCase.swift in Sources */ = {isa = PBXBuildFile; fileRef = 26E0FD3C1C31EFA200C192F7 /* SQLiteModelTestCase.swift */; };
		26E4B2521CBB1E5300063B12 /* SQLiteModelAsyncTest.swift in Sources */ = {isa = PBXBuildFile; fileRef = 26E4B2511CBB1E5300063B12 /* SQLiteModelAsyncTest.swift */; };
		26E4B2541CBB7A5100063B12 /* LogManager.swift in Sources */ = {isa = PBXBuildFile; fileRef = 26E4B2531CBB7A5100063B12 /* LogManager.swift */; };
/* End PBXBuildFile section */

/* Begin PBXContainerItemProxy section */
		26E0FCC01C2C9CEB00C192F7 /* PBXContainerItemProxy */ = {
			isa = PBXContainerItemProxy;
			containerPortal = 26E0FCAB1C2C9CEB00C192F7 /* Project object */;
			proxyType = 1;
			remoteGlobalIDString = 26E0FCB31C2C9CEB00C192F7;
			remoteInfo = SQLiteModel;
		};
/* End PBXContainerItemProxy section */

/* Begin PBXFileReference section */
		25D3053848CF104B03AFD02F /* Pods_SQLiteModel.framework */ = {isa = PBXFileReference; explicitFileType = wrapper.framework; includeInIndex = 0; path = Pods_SQLiteModel.framework; sourceTree = BUILT_PRODUCTS_DIR; };
		2615E6CF1CD04EC7002FE695 /* SQLiteModelDatabaseTest.swift */ = {isa = PBXFileReference; fileEncoding = 4; lastKnownFileType = sourcecode.swift; path = SQLiteModelDatabaseTest.swift; sourceTree = "<group>"; };
		263E9DA51CAB6F3B004B3DDC /* Operators.swift */ = {isa = PBXFileReference; fileEncoding = 4; lastKnownFileType = sourcecode.swift; path = Operators.swift; sourceTree = "<group>"; };
		263E9DA91CAB79A0004B3DDC /* SQLiteModelMultipleRelationshipTest.swift */ = {isa = PBXFileReference; fileEncoding = 4; lastKnownFileType = sourcecode.swift; path = SQLiteModelMultipleRelationshipTest.swift; sourceTree = "<group>"; };
		264599FF1C4C3EFE00BD4D80 /* Relationship.swift */ = {isa = PBXFileReference; fileEncoding = 4; lastKnownFileType = sourcecode.swift; path = Relationship.swift; sourceTree = "<group>"; };
		2646B8451C3CAC010010592A /* SQLiteModelSingularRelationshipTest.swift */ = {isa = PBXFileReference; fileEncoding = 4; lastKnownFileType = sourcecode.swift; path = SQLiteModelSingularRelationshipTest.swift; sourceTree = "<group>"; };
		2646B84F1C3CB3880010592A /* Extensions.swift */ = {isa = PBXFileReference; fileEncoding = 4; lastKnownFileType = sourcecode.swift; path = Extensions.swift; sourceTree = "<group>"; };
		26540D9E1C98ECC4000CE346 /* RelationshipModel.swift */ = {isa = PBXFileReference; fileEncoding = 4; lastKnownFileType = sourcecode.swift; path = RelationshipModel.swift; sourceTree = "<group>"; };
		2658E34C1CD3230C00F68412 /* libsqlite3.tbd */ = {isa = PBXFileReference; lastKnownFileType = "sourcecode.text-based-dylib-definition"; name = libsqlite3.tbd; path = usr/lib/libsqlite3.tbd; sourceTree = SDKROOT; };
		2658E34E1CD3263900F68412 /* SQLite.framework */ = {isa = PBXFileReference; lastKnownFileType = wrapper.framework; name = SQLite.framework; path = "../../Library/Developer/Xcode/DerivedData/SQLiteModel-dfgolswlqxghjzedpghfymavlufs/Build/Products/Debug-iphonesimulator/SQLite.framework"; sourceTree = "<group>"; };
		26700C381CB4D84F000C8B3A /* SchemaUpdater.swift */ = {isa = PBXFileReference; fileEncoding = 4; lastKnownFileType = sourcecode.swift; path = SchemaUpdater.swift; sourceTree = "<group>"; };
		26700C3A1CB7788D000C8B3A /* SQLiteModelSchemaUpdaterTests.swift */ = {isa = PBXFileReference; fileEncoding = 4; lastKnownFileType = sourcecode.swift; path = SQLiteModelSchemaUpdaterTests.swift; sourceTree = "<group>"; };
		26700C3C1CB89332000C8B3A /* SyncManager.swift */ = {isa = PBXFileReference; fileEncoding = 4; lastKnownFileType = sourcecode.swift; path = SyncManager.swift; sourceTree = "<group>"; };
		2697215F1CCC07D6003471D4 /* SQLiteModelThreadSafetyTests.swift */ = {isa = PBXFileReference; fileEncoding = 4; lastKnownFileType = sourcecode.swift; path = SQLiteModelThreadSafetyTests.swift; sourceTree = "<group>"; };
		26AB3EFA1CCD5E1000F05D11 /* SQLiteModel.playground */ = {isa = PBXFileReference; lastKnownFileType = file.playground; path = SQLiteModel.playground; sourceTree = "<group>"; };
		26CB69941CC138D500FBE712 /* SQLiteModelScalarQueryTests.swift */ = {isa = PBXFileReference; fileEncoding = 4; lastKnownFileType = sourcecode.swift; path = SQLiteModelScalarQueryTests.swift; sourceTree = "<group>"; };
		26D0E1A21CB06AB200CA93BC /* SQLiteModel+Implementation.swift */ = {isa = PBXFileReference; fileEncoding = 4; lastKnownFileType = sourcecode.swift; path = "SQLiteModel+Implementation.swift"; sourceTree = "<group>"; };
		26E0FCB41C2C9CEB00C192F7 /* SQLiteModel.framework */ = {isa = PBXFileReference; explicitFileType = wrapper.framework; includeInIndex = 0; path = SQLiteModel.framework; sourceTree = BUILT_PRODUCTS_DIR; };
		26E0FCB71C2C9CEB00C192F7 /* SQLiteModel.h */ = {isa = PBXFileReference; lastKnownFileType = sourcecode.c.h; path = SQLiteModel.h; sourceTree = "<group>"; };
		26E0FCB91C2C9CEB00C192F7 /* Info.plist */ = {isa = PBXFileReference; lastKnownFileType = text.plist.xml; path = Info.plist; sourceTree = "<group>"; };
		26E0FCBE1C2C9CEB00C192F7 /* SQLiteModelTests.xctest */ = {isa = PBXFileReference; explicitFileType = wrapper.cfbundle; includeInIndex = 0; path = SQLiteModelTests.xctest; sourceTree = BUILT_PRODUCTS_DIR; };
		26E0FCC31C2C9CEB00C192F7 /* SQLiteModelFunctionalitySmokeTests.swift */ = {isa = PBXFileReference; lastKnownFileType = sourcecode.swift; path = SQLiteModelFunctionalitySmokeTests.swift; sourceTree = "<group>"; };
		26E0FCC51C2C9CEB00C192F7 /* Info.plist */ = {isa = PBXFileReference; lastKnownFileType = text.plist.xml; path = Info.plist; sourceTree = "<group>"; };
		26E0FD0F1C2CA3CD00C192F7 /* SQLiteModel.swift */ = {isa = PBXFileReference; fileEncoding = 4; lastKnownFileType = sourcecode.swift; path = SQLiteModel.swift; sourceTree = "<group>"; };
		26E0FD301C2CA65900C192F7 /* SQLiteModelError.swift */ = {isa = PBXFileReference; fileEncoding = 4; lastKnownFileType = sourcecode.swift; path = SQLiteModelError.swift; sourceTree = "<group>"; };
		26E0FD341C2F301200C192F7 /* Database.swift */ = {isa = PBXFileReference; fileEncoding = 4; lastKnownFileType = sourcecode.swift; path = Database.swift; sourceTree = "<group>"; };
		26E0FD3A1C2F44B600C192F7 /* SQLiteModelContextManager.swift */ = {isa = PBXFileReference; fileEncoding = 4; lastKnownFileType = sourcecode.swift; path = SQLiteModelContextManager.swift; sourceTree = "<group>"; };
		26E0FD3C1C31EFA200C192F7 /* SQLiteModelTestCase.swift */ = {isa = PBXFileReference; fileEncoding = 4; lastKnownFileType = sourcecode.swift; path = SQLiteModelTestCase.swift; sourceTree = "<group>"; };
		26E4B2511CBB1E5300063B12 /* SQLiteModelAsyncTest.swift */ = {isa = PBXFileReference; fileEncoding = 4; lastKnownFileType = sourcecode.swift; path = SQLiteModelAsyncTest.swift; sourceTree = "<group>"; };
		26E4B2531CBB7A5100063B12 /* LogManager.swift */ = {isa = PBXFileReference; fileEncoding = 4; lastKnownFileType = sourcecode.swift; path = LogManager.swift; sourceTree = "<group>"; };
		8DA9958DF4A2D1A4831EFE2B /* Pods-SQLiteModelTests.release.xcconfig */ = {isa = PBXFileReference; includeInIndex = 1; lastKnownFileType = text.xcconfig; name = "Pods-SQLiteModelTests.release.xcconfig"; path = "Pods/Target Support Files/Pods-SQLiteModelTests/Pods-SQLiteModelTests.release.xcconfig"; sourceTree = "<group>"; };
		A599D6FFE7D890DD851B7489 /* Pods-SQLiteModel.debug.xcconfig */ = {isa = PBXFileReference; includeInIndex = 1; lastKnownFileType = text.xcconfig; name = "Pods-SQLiteModel.debug.xcconfig"; path = "Pods/Target Support Files/Pods-SQLiteModel/Pods-SQLiteModel.debug.xcconfig"; sourceTree = "<group>"; };
		A63C0CA19060264B1C951FA7 /* Pods-SQLiteModelTests.debug.xcconfig */ = {isa = PBXFileReference; includeInIndex = 1; lastKnownFileType = text.xcconfig; name = "Pods-SQLiteModelTests.debug.xcconfig"; path = "Pods/Target Support Files/Pods-SQLiteModelTests/Pods-SQLiteModelTests.debug.xcconfig"; sourceTree = "<group>"; };
		D3364234C8619CEF0EC35D00 /* Pods-SQLiteModel.release.xcconfig */ = {isa = PBXFileReference; includeInIndex = 1; lastKnownFileType = text.xcconfig; name = "Pods-SQLiteModel.release.xcconfig"; path = "Pods/Target Support Files/Pods-SQLiteModel/Pods-SQLiteModel.release.xcconfig"; sourceTree = "<group>"; };
		DAFC1C94575FB2D36D592B9B /* Pods_SQLiteModelTests.framework */ = {isa = PBXFileReference; explicitFileType = wrapper.framework; includeInIndex = 0; path = Pods_SQLiteModelTests.framework; sourceTree = BUILT_PRODUCTS_DIR; };
/* End PBXFileReference section */

/* Begin PBXFrameworksBuildPhase section */
		26E0FCB01C2C9CEB00C192F7 /* Frameworks */ = {
			isa = PBXFrameworksBuildPhase;
			buildActionMask = 2147483647;
			files = (
				2658E34F1CD3263900F68412 /* SQLite.framework in Frameworks */,
			);
			runOnlyForDeploymentPostprocessing = 0;
		};
		26E0FCBB1C2C9CEB00C192F7 /* Frameworks */ = {
			isa = PBXFrameworksBuildPhase;
			buildActionMask = 2147483647;
			files = (
				26E0FCBF1C2C9CEB00C192F7 /* SQLiteModel.framework in Frameworks */,
			);
			runOnlyForDeploymentPostprocessing = 0;
		};
/* End PBXFrameworksBuildPhase section */

/* Begin PBXGroup section */
		26E0FCAA1C2C9CEB00C192F7 = {
			isa = PBXGroup;
			children = (
				26AB3EFA1CCD5E1000F05D11 /* SQLiteModel.playground */,
				26E0FCB61C2C9CEB00C192F7 /* SQLiteModel */,
				26E0FCEF1C2CA2D500C192F7 /* Supporting Files */,
				26E0FCC21C2C9CEB00C192F7 /* SQLiteModelTests */,
				26E0FCB51C2C9CEB00C192F7 /* Products */,
				C76388D93BC1A63CB06D5835 /* Pods */,
				63B9871C30DD419B28BF2CBC /* Frameworks */,
			);
			sourceTree = "<group>";
		};
		26E0FCB51C2C9CEB00C192F7 /* Products */ = {
			isa = PBXGroup;
			children = (
				26E0FCB41C2C9CEB00C192F7 /* SQLiteModel.framework */,
				26E0FCBE1C2C9CEB00C192F7 /* SQLiteModelTests.xctest */,
			);
			name = Products;
			sourceTree = "<group>";
		};
		26E0FCB61C2C9CEB00C192F7 /* SQLiteModel */ = {
			isa = PBXGroup;
			children = (
				26E0FCEE1C2CA24700C192F7 /* Source */,
			);
			path = SQLiteModel;
			sourceTree = "<group>";
		};
		26E0FCC21C2C9CEB00C192F7 /* SQLiteModelTests */ = {
			isa = PBXGroup;
			children = (
				26E0FD3C1C31EFA200C192F7 /* SQLiteModelTestCase.swift */,
				26E0FCC31C2C9CEB00C192F7 /* SQLiteModelFunctionalitySmokeTests.swift */,
				2646B8451C3CAC010010592A /* SQLiteModelSingularRelationshipTest.swift */,
				263E9DA91CAB79A0004B3DDC /* SQLiteModelMultipleRelationshipTest.swift */,
				26700C3A1CB7788D000C8B3A /* SQLiteModelSchemaUpdaterTests.swift */,
				26E4B2511CBB1E5300063B12 /* SQLiteModelAsyncTest.swift */,
				26CB69941CC138D500FBE712 /* SQLiteModelScalarQueryTests.swift */,
				2697215F1CCC07D6003471D4 /* SQLiteModelThreadSafetyTests.swift */,
				2615E6CF1CD04EC7002FE695 /* SQLiteModelDatabaseTest.swift */,
				26E0FCC51C2C9CEB00C192F7 /* Info.plist */,
			);
			path = SQLiteModelTests;
			sourceTree = "<group>";
		};
		26E0FCEE1C2CA24700C192F7 /* Source */ = {
			isa = PBXGroup;
			children = (
				26E0FD341C2F301200C192F7 /* Database.swift */,
				2646B84F1C3CB3880010592A /* Extensions.swift */,
				26E4B2531CBB7A5100063B12 /* LogManager.swift */,
				263E9DA51CAB6F3B004B3DDC /* Operators.swift */,
				264599FF1C4C3EFE00BD4D80 /* Relationship.swift */,
				26540D9E1C98ECC4000CE346 /* RelationshipModel.swift */,
				26700C381CB4D84F000C8B3A /* SchemaUpdater.swift */,
				26E0FD0F1C2CA3CD00C192F7 /* SQLiteModel.swift */,
				26D0E1A21CB06AB200CA93BC /* SQLiteModel+Implementation.swift */,
				26E0FD3A1C2F44B600C192F7 /* SQLiteModelContextManager.swift */,
				26E0FD301C2CA65900C192F7 /* SQLiteModelError.swift */,
				26700C3C1CB89332000C8B3A /* SyncManager.swift */,
			);
			name = Source;
			sourceTree = "<group>";
		};
		26E0FCEF1C2CA2D500C192F7 /* Supporting Files */ = {
			isa = PBXGroup;
			children = (
				26E0FCB71C2C9CEB00C192F7 /* SQLiteModel.h */,
				26E0FCB91C2C9CEB00C192F7 /* Info.plist */,
			);
			name = "Supporting Files";
			path = SQLiteModel;
			sourceTree = "<group>";
		};
		63B9871C30DD419B28BF2CBC /* Frameworks */ = {
			isa = PBXGroup;
			children = (
				2658E34E1CD3263900F68412 /* SQLite.framework */,
				2658E34C1CD3230C00F68412 /* libsqlite3.tbd */,
				25D3053848CF104B03AFD02F /* Pods_SQLiteModel.framework */,
				DAFC1C94575FB2D36D592B9B /* Pods_SQLiteModelTests.framework */,
			);
			name = Frameworks;
			sourceTree = "<group>";
		};
		C76388D93BC1A63CB06D5835 /* Pods */ = {
			isa = PBXGroup;
			children = (
				A599D6FFE7D890DD851B7489 /* Pods-SQLiteModel.debug.xcconfig */,
				D3364234C8619CEF0EC35D00 /* Pods-SQLiteModel.release.xcconfig */,
				A63C0CA19060264B1C951FA7 /* Pods-SQLiteModelTests.debug.xcconfig */,
				8DA9958DF4A2D1A4831EFE2B /* Pods-SQLiteModelTests.release.xcconfig */,
			);
			name = Pods;
			sourceTree = "<group>";
		};
/* End PBXGroup section */

/* Begin PBXHeadersBuildPhase section */
		26E0FCB11C2C9CEB00C192F7 /* Headers */ = {
			isa = PBXHeadersBuildPhase;
			buildActionMask = 2147483647;
			files = (
				26E0FCB81C2C9CEB00C192F7 /* SQLiteModel.h in Headers */,
			);
			runOnlyForDeploymentPostprocessing = 0;
		};
/* End PBXHeadersBuildPhase section */

/* Begin PBXNativeTarget section */
		26E0FCB31C2C9CEB00C192F7 /* SQLiteModel */ = {
			isa = PBXNativeTarget;
			buildConfigurationList = 26E0FCC81C2C9CEB00C192F7 /* Build configuration list for PBXNativeTarget "SQLiteModel" */;
			buildPhases = (
				26E0FCAF1C2C9CEB00C192F7 /* Sources */,
				26E0FCB01C2C9CEB00C192F7 /* Frameworks */,
				26E0FCB11C2C9CEB00C192F7 /* Headers */,
				26E0FCB21C2C9CEB00C192F7 /* Resources */,
			);
			buildRules = (
			);
			dependencies = (
			);
			name = SQLiteModel;
			productName = SQLiteModel;
			productReference = 26E0FCB41C2C9CEB00C192F7 /* SQLiteModel.framework */;
			productType = "com.apple.product-type.framework";
		};
		26E0FCBD1C2C9CEB00C192F7 /* SQLiteModelTests */ = {
			isa = PBXNativeTarget;
			buildConfigurationList = 26E0FCCB1C2C9CEB00C192F7 /* Build configuration list for PBXNativeTarget "SQLiteModelTests" */;
			buildPhases = (
				26E0FCBA1C2C9CEB00C192F7 /* Sources */,
				26E0FCBB1C2C9CEB00C192F7 /* Frameworks */,
				26E0FCBC1C2C9CEB00C192F7 /* Resources */,
			);
			buildRules = (
			);
			dependencies = (
				26E0FCC11C2C9CEB00C192F7 /* PBXTargetDependency */,
			);
			name = SQLiteModelTests;
			productName = SQLiteModelTests;
			productReference = 26E0FCBE1C2C9CEB00C192F7 /* SQLiteModelTests.xctest */;
			productType = "com.apple.product-type.bundle.unit-test";
		};
/* End PBXNativeTarget section */

/* Begin PBXProject section */
		26E0FCAB1C2C9CEB00C192F7 /* Project object */ = {
			isa = PBXProject;
			attributes = {
				LastSwiftUpdateCheck = 0720;
				LastUpgradeCheck = 0720;
				ORGANIZATIONNAME = jhurray;
				TargetAttributes = {
					26E0FCB31C2C9CEB00C192F7 = {
						CreatedOnToolsVersion = 7.2;
					};
					26E0FCBD1C2C9CEB00C192F7 = {
						CreatedOnToolsVersion = 7.2;
					};
				};
			};
			buildConfigurationList = 26E0FCAE1C2C9CEB00C192F7 /* Build configuration list for PBXProject "SQLiteModel" */;
			compatibilityVersion = "Xcode 3.2";
			developmentRegion = English;
			hasScannedForEncodings = 0;
			knownRegions = (
				en,
			);
			mainGroup = 26E0FCAA1C2C9CEB00C192F7;
			productRefGroup = 26E0FCB51C2C9CEB00C192F7 /* Products */;
			projectDirPath = "";
			projectRoot = "";
			targets = (
				26E0FCB31C2C9CEB00C192F7 /* SQLiteModel */,
				26E0FCBD1C2C9CEB00C192F7 /* SQLiteModelTests */,
			);
		};
/* End PBXProject section */

/* Begin PBXResourcesBuildPhase section */
		26E0FCB21C2C9CEB00C192F7 /* Resources */ = {
			isa = PBXResourcesBuildPhase;
			buildActionMask = 2147483647;
			files = (
			);
			runOnlyForDeploymentPostprocessing = 0;
		};
		26E0FCBC1C2C9CEB00C192F7 /* Resources */ = {
			isa = PBXResourcesBuildPhase;
			buildActionMask = 2147483647;
			files = (
			);
			runOnlyForDeploymentPostprocessing = 0;
		};
/* End PBXResourcesBuildPhase section */

/* Begin PBXSourcesBuildPhase section */
		26E0FCAF1C2C9CEB00C192F7 /* Sources */ = {
			isa = PBXSourcesBuildPhase;
			buildActionMask = 2147483647;
			files = (
				26700C3D1CB89332000C8B3A /* SyncManager.swift in Sources */,
				26459A001C4C3EFE00BD4D80 /* Relationship.swift in Sources */,
				26E0FD351C2F301200C192F7 /* Database.swift in Sources */,
				2646B8501C3CB3880010592A /* Extensions.swift in Sources */,
				26E0FD311C2CA65900C192F7 /* SQLiteModelError.swift in Sources */,
				26E0FD3B1C2F44B600C192F7 /* SQLiteModelContextManager.swift in Sources */,
				26540D9F1C98ECC4000CE346 /* RelationshipModel.swift in Sources */,
				26E0FD101C2CA3CD00C192F7 /* SQLiteModel.swift in Sources */,
				263E9DA61CAB6F3B004B3DDC /* Operators.swift in Sources */,
				26D0E1A31CB06AB200CA93BC /* SQLiteModel+Implementation.swift in Sources */,
				26E4B2541CBB7A5100063B12 /* LogManager.swift in Sources */,
				26700C391CB4D84F000C8B3A /* SchemaUpdater.swift in Sources */,
			);
			runOnlyForDeploymentPostprocessing = 0;
		};
		26E0FCBA1C2C9CEB00C192F7 /* Sources */ = {
			isa = PBXSourcesBuildPhase;
			buildActionMask = 2147483647;
			files = (
				26E0FCC41C2C9CEB00C192F7 /* SQLiteModelFunctionalitySmokeTests.swift in Sources */,
				2615E6D01CD04EC7002FE695 /* SQLiteModelDatabaseTest.swift in Sources */,
				263E9DAA1CAB79A0004B3DDC /* SQLiteModelMultipleRelationshipTest.swift in Sources */,
				26E4B2521CBB1E5300063B12 /* SQLiteModelAsyncTest.swift in Sources */,
				269721601CCC07D6003471D4 /* SQLiteModelThreadSafetyTests.swift in Sources */,
				26700C3B1CB7788D000C8B3A /* SQLiteModelSchemaUpdaterTests.swift in Sources */,
				26CB69951CC138D500FBE712 /* SQLiteModelScalarQueryTests.swift in Sources */,
				26E0FD3D1C31EFA200C192F7 /* SQLiteModelTestCase.swift in Sources */,
				2646B8461C3CAC010010592A /* SQLiteModelSingularRelationshipTest.swift in Sources */,
			);
			runOnlyForDeploymentPostprocessing = 0;
		};
/* End PBXSourcesBuildPhase section */

/* Begin PBXTargetDependency section */
		26E0FCC11C2C9CEB00C192F7 /* PBXTargetDependency */ = {
			isa = PBXTargetDependency;
			target = 26E0FCB31C2C9CEB00C192F7 /* SQLiteModel */;
			targetProxy = 26E0FCC01C2C9CEB00C192F7 /* PBXContainerItemProxy */;
		};
/* End PBXTargetDependency section */

/* Begin XCBuildConfiguration section */
		26E0FCC61C2C9CEB00C192F7 /* Debug */ = {
			isa = XCBuildConfiguration;
			buildSettings = {
				ALWAYS_SEARCH_USER_PATHS = NO;
				CLANG_CXX_LANGUAGE_STANDARD = "gnu++0x";
				CLANG_CXX_LIBRARY = "libc++";
				CLANG_ENABLE_MODULES = YES;
				CLANG_ENABLE_OBJC_ARC = YES;
				CLANG_WARN_BOOL_CONVERSION = YES;
				CLANG_WARN_CONSTANT_CONVERSION = YES;
				CLANG_WARN_DIRECT_OBJC_ISA_USAGE = YES_ERROR;
				CLANG_WARN_EMPTY_BODY = YES;
				CLANG_WARN_ENUM_CONVERSION = YES;
				CLANG_WARN_INT_CONVERSION = YES;
				CLANG_WARN_OBJC_ROOT_CLASS = YES_ERROR;
				CLANG_WARN_UNREACHABLE_CODE = YES;
				CLANG_WARN__DUPLICATE_METHOD_MATCH = YES;
				"CODE_SIGN_IDENTITY[sdk=iphoneos*]" = "iPhone Developer";
				COPY_PHASE_STRIP = NO;
				CURRENT_PROJECT_VERSION = 1;
				DEBUG_INFORMATION_FORMAT = dwarf;
				ENABLE_STRICT_OBJC_MSGSEND = YES;
				ENABLE_TESTABILITY = YES;
				GCC_C_LANGUAGE_STANDARD = gnu99;
				GCC_DYNAMIC_NO_PIC = NO;
				GCC_NO_COMMON_BLOCKS = YES;
				GCC_OPTIMIZATION_LEVEL = 0;
				GCC_PREPROCESSOR_DEFINITIONS = (
					"DEBUG=1",
					"$(inherited)",
				);
				GCC_WARN_64_TO_32_BIT_CONVERSION = YES;
				GCC_WARN_ABOUT_RETURN_TYPE = YES_ERROR;
				GCC_WARN_UNDECLARED_SELECTOR = YES;
				GCC_WARN_UNINITIALIZED_AUTOS = YES_AGGRESSIVE;
				GCC_WARN_UNUSED_FUNCTION = YES;
				GCC_WARN_UNUSED_VARIABLE = YES;
				IPHONEOS_DEPLOYMENT_TARGET = 9.2;
				MTL_ENABLE_DEBUG_INFO = YES;
				ONLY_ACTIVE_ARCH = YES;
				SDKROOT = iphoneos;
				SWIFT_OPTIMIZATION_LEVEL = "-Onone";
				TARGETED_DEVICE_FAMILY = "1,2";
				VERSIONING_SYSTEM = "apple-generic";
				VERSION_INFO_PREFIX = "";
			};
			name = Debug;
		};
		26E0FCC71C2C9CEB00C192F7 /* Release */ = {
			isa = XCBuildConfiguration;
			buildSettings = {
				ALWAYS_SEARCH_USER_PATHS = NO;
				CLANG_CXX_LANGUAGE_STANDARD = "gnu++0x";
				CLANG_CXX_LIBRARY = "libc++";
				CLANG_ENABLE_MODULES = YES;
				CLANG_ENABLE_OBJC_ARC = YES;
				CLANG_WARN_BOOL_CONVERSION = YES;
				CLANG_WARN_CONSTANT_CONVERSION = YES;
				CLANG_WARN_DIRECT_OBJC_ISA_USAGE = YES_ERROR;
				CLANG_WARN_EMPTY_BODY = YES;
				CLANG_WARN_ENUM_CONVERSION = YES;
				CLANG_WARN_INT_CONVERSION = YES;
				CLANG_WARN_OBJC_ROOT_CLASS = YES_ERROR;
				CLANG_WARN_UNREACHABLE_CODE = YES;
				CLANG_WARN__DUPLICATE_METHOD_MATCH = YES;
				"CODE_SIGN_IDENTITY[sdk=iphoneos*]" = "iPhone Developer";
				COPY_PHASE_STRIP = NO;
				CURRENT_PROJECT_VERSION = 1;
				DEBUG_INFORMATION_FORMAT = "dwarf-with-dsym";
				ENABLE_NS_ASSERTIONS = NO;
				ENABLE_STRICT_OBJC_MSGSEND = YES;
				GCC_C_LANGUAGE_STANDARD = gnu99;
				GCC_NO_COMMON_BLOCKS = YES;
				GCC_WARN_64_TO_32_BIT_CONVERSION = YES;
				GCC_WARN_ABOUT_RETURN_TYPE = YES_ERROR;
				GCC_WARN_UNDECLARED_SELECTOR = YES;
				GCC_WARN_UNINITIALIZED_AUTOS = YES_AGGRESSIVE;
				GCC_WARN_UNUSED_FUNCTION = YES;
				GCC_WARN_UNUSED_VARIABLE = YES;
				IPHONEOS_DEPLOYMENT_TARGET = 9.2;
				MTL_ENABLE_DEBUG_INFO = NO;
				SDKROOT = iphoneos;
				TARGETED_DEVICE_FAMILY = "1,2";
				VALIDATE_PRODUCT = YES;
				VERSIONING_SYSTEM = "apple-generic";
				VERSION_INFO_PREFIX = "";
			};
			name = Release;
		};
		26E0FCC91C2C9CEB00C192F7 /* Debug */ = {
			isa = XCBuildConfiguration;
			buildSettings = {
				CLANG_ENABLE_MODULES = YES;
				DEFINES_MODULE = YES;
				DYLIB_COMPATIBILITY_VERSION = 1;
				DYLIB_CURRENT_VERSION = 1;
				DYLIB_INSTALL_NAME_BASE = "@rpath";
				INFOPLIST_FILE = SQLiteModel/Info.plist;
				INSTALL_PATH = "$(LOCAL_LIBRARY_DIR)/Frameworks";
				LD_RUNPATH_SEARCH_PATHS = "$(inherited) @executable_path/Frameworks @loader_path/Frameworks";
				PRODUCT_BUNDLE_IDENTIFIER = com.guarenteed.SQLiteModel;
				PRODUCT_NAME = "$(TARGET_NAME)";
				SKIP_INSTALL = YES;
				SWIFT_OPTIMIZATION_LEVEL = "-Onone";
			};
			name = Debug;
		};
		26E0FCCA1C2C9CEB00C192F7 /* Release */ = {
			isa = XCBuildConfiguration;
			buildSettings = {
				CLANG_ENABLE_MODULES = YES;
				DEFINES_MODULE = YES;
				DYLIB_COMPATIBILITY_VERSION = 1;
				DYLIB_CURRENT_VERSION = 1;
				DYLIB_INSTALL_NAME_BASE = "@rpath";
				INFOPLIST_FILE = SQLiteModel/Info.plist;
				INSTALL_PATH = "$(LOCAL_LIBRARY_DIR)/Frameworks";
				LD_RUNPATH_SEARCH_PATHS = "$(inherited) @executable_path/Frameworks @loader_path/Frameworks";
				PRODUCT_BUNDLE_IDENTIFIER = com.guarenteed.SQLiteModel;
				PRODUCT_NAME = "$(TARGET_NAME)";
				SKIP_INSTALL = YES;
			};
			name = Release;
		};
		26E0FCCC1C2C9CEB00C192F7 /* Debug */ = {
			isa = XCBuildConfiguration;
			buildSettings = {
				INFOPLIST_FILE = SQLiteModelTests/Info.plist;
				LD_RUNPATH_SEARCH_PATHS = "$(inherited) @executable_path/Frameworks @loader_path/Frameworks";
				PRODUCT_BUNDLE_IDENTIFIER = com.guarenteed.SQLiteModelTests;
				PRODUCT_NAME = "$(TARGET_NAME)";
			};
			name = Debug;
		};
		26E0FCCD1C2C9CEB00C192F7 /* Release */ = {
			isa = XCBuildConfiguration;
			buildSettings = {
				INFOPLIST_FILE = SQLiteModelTests/Info.plist;
				LD_RUNPATH_SEARCH_PATHS = "$(inherited) @executable_path/Frameworks @loader_path/Frameworks";
				PRODUCT_BUNDLE_IDENTIFIER = com.guarenteed.SQLiteModelTests;
				PRODUCT_NAME = "$(TARGET_NAME)";
			};
			name = Release;
		};
/* End XCBuildConfiguration section */

/* Begin XCConfigurationList section */
		26E0FCAE1C2C9CEB00C192F7 /* Build configuration list for PBXProject "SQLiteModel" */ = {
			isa = XCConfigurationList;
			buildConfigurations = (
				26E0FCC61C2C9CEB00C192F7 /* Debug */,
				26E0FCC71C2C9CEB00C192F7 /* Release */,
			);
			defaultConfigurationIsVisible = 0;
			defaultConfigurationName = Release;
		};
		26E0FCC81C2C9CEB00C192F7 /* Build configuration list for PBXNativeTarget "SQLiteModel" */ = {
			isa = XCConfigurationList;
			buildConfigurations = (
				26E0FCC91C2C9CEB00C192F7 /* Debug */,
				26E0FCCA1C2C9CEB00C192F7 /* Release */,
			);
			defaultConfigurationIsVisible = 0;
			defaultConfigurationName = Release;
		};
		26E0FCCB1C2C9CEB00C192F7 /* Build configuration list for PBXNativeTarget "SQLiteModelTests" */ = {
			isa = XCConfigurationList;
			buildConfigurations = (
				26E0FCCC1C2C9CEB00C192F7 /* Debug */,
				26E0FCCD1C2C9CEB00C192F7 /* Release */,
			);
			defaultConfigurationIsVisible = 0;
			defaultConfigurationName = Release;
		};
/* End XCConfigurationList section */
	};
	rootObject = 26E0FCAB1C2C9CEB00C192F7 /* Project object */;
}
