// !$*UTF8*$!
{
	archiveVersion = 1;
	classes = {
	};
	objectVersion = 46;
	objects = {

/* Begin PBXBuildFile section */
		268365321C31FD690068AE9E /* SQLiteConvertible.swift in Sources */ = {isa = PBXBuildFile; fileRef = 268365311C31FD690068AE9E /* SQLiteConvertible.swift */; };
		26E0FCB81C2C9CEB00C192F7 /* SQLiteModel.h in Headers */ = {isa = PBXBuildFile; fileRef = 26E0FCB71C2C9CEB00C192F7 /* SQLiteModel.h */; settings = {ATTRIBUTES = (Public, ); }; };
		26E0FCBF1C2C9CEB00C192F7 /* SQLiteModel.framework in Frameworks */ = {isa = PBXBuildFile; fileRef = 26E0FCB41C2C9CEB00C192F7 /* SQLiteModel.framework */; };
		26E0FCC41C2C9CEB00C192F7 /* SQLiteModelTests.swift in Sources */ = {isa = PBXBuildFile; fileRef = 26E0FCC31C2C9CEB00C192F7 /* SQLiteModelTests.swift */; };
		26E0FD101C2CA3CD00C192F7 /* SQLiteModel.swift in Sources */ = {isa = PBXBuildFile; fileRef = 26E0FD0F1C2CA3CD00C192F7 /* SQLiteModel.swift */; };
		26E0FD121C2CA42A00C192F7 /* libsqlite3.0.tbd in Frameworks */ = {isa = PBXBuildFile; fileRef = 26E0FD111C2CA42A00C192F7 /* libsqlite3.0.tbd */; };
		26E0FD2F1C2CA63100C192F7 /* SQLite.framework in Frameworks */ = {isa = PBXBuildFile; fileRef = 26E0FD201C2CA62800C192F7 /* SQLite.framework */; };
		26E0FD311C2CA65900C192F7 /* SQLiteModelError.swift in Sources */ = {isa = PBXBuildFile; fileRef = 26E0FD301C2CA65900C192F7 /* SQLiteModelError.swift */; };
		26E0FD351C2F301200C192F7 /* SQLiteDatabaseManager.swift in Sources */ = {isa = PBXBuildFile; fileRef = 26E0FD341C2F301200C192F7 /* SQLiteDatabaseManager.swift */; };
		26E0FD3B1C2F44B600C192F7 /* SQLiteModelInternalContextManager.swift in Sources */ = {isa = PBXBuildFile; fileRef = 26E0FD3A1C2F44B600C192F7 /* SQLiteModelInternalContextManager.swift */; };
		26E0FD3D1C31EFA200C192F7 /* SQLiteModelTestCase.swift in Sources */ = {isa = PBXBuildFile; fileRef = 26E0FD3C1C31EFA200C192F7 /* SQLiteModelTestCase.swift */; };
/* End PBXBuildFile section */

/* Begin PBXContainerItemProxy section */
		26E0FCC01C2C9CEB00C192F7 /* PBXContainerItemProxy */ = {
			isa = PBXContainerItemProxy;
			containerPortal = 26E0FCAB1C2C9CEB00C192F7 /* Project object */;
			proxyType = 1;
			remoteGlobalIDString = 26E0FCB31C2C9CEB00C192F7;
			remoteInfo = SQLiteModel;
		};
		26E0FD1F1C2CA62800C192F7 /* PBXContainerItemProxy */ = {
			isa = PBXContainerItemProxy;
			containerPortal = 26E0FD131C2CA62800C192F7 /* SQLite.xcodeproj */;
			proxyType = 2;
			remoteGlobalIDString = DC2B29E21B26F718001C60EA;
			remoteInfo = "SQLite iOS";
		};
		26E0FD211C2CA62800C192F7 /* PBXContainerItemProxy */ = {
			isa = PBXContainerItemProxy;
			containerPortal = 26E0FD131C2CA62800C192F7 /* SQLite.xcodeproj */;
			proxyType = 2;
			remoteGlobalIDString = DC2B29EC1B26F718001C60EA;
			remoteInfo = "SQLite iOS Tests";
		};
		26E0FD231C2CA62800C192F7 /* PBXContainerItemProxy */ = {
			isa = PBXContainerItemProxy;
			containerPortal = 26E0FD131C2CA62800C192F7 /* SQLite.xcodeproj */;
			proxyType = 2;
			remoteGlobalIDString = DC7253AC1B52ADEB009B38B1;
			remoteInfo = "SQLite Mac";
		};
		26E0FD251C2CA62800C192F7 /* PBXContainerItemProxy */ = {
			isa = PBXContainerItemProxy;
			containerPortal = 26E0FD131C2CA62800C192F7 /* SQLite.xcodeproj */;
			proxyType = 2;
			remoteGlobalIDString = DC7253B51B52ADEC009B38B1;
			remoteInfo = "SQLite Mac Tests";
		};
		26E0FD271C2CA62800C192F7 /* PBXContainerItemProxy */ = {
			isa = PBXContainerItemProxy;
			containerPortal = 26E0FD131C2CA62800C192F7 /* SQLite.xcodeproj */;
			proxyType = 2;
			remoteGlobalIDString = DCE7BB7A1B7434F90040D364;
			remoteInfo = "SQLiteCipher iOS";
		};
		26E0FD291C2CA62800C192F7 /* PBXContainerItemProxy */ = {
			isa = PBXContainerItemProxy;
			containerPortal = 26E0FD131C2CA62800C192F7 /* SQLite.xcodeproj */;
			proxyType = 2;
			remoteGlobalIDString = DCE7BB831B7434F90040D364;
			remoteInfo = "SQLiteCipher iOS Tests";
		};
		26E0FD2B1C2CA62800C192F7 /* PBXContainerItemProxy */ = {
			isa = PBXContainerItemProxy;
			containerPortal = 26E0FD131C2CA62800C192F7 /* SQLite.xcodeproj */;
			proxyType = 2;
			remoteGlobalIDString = DCE7BBB01B7438610040D364;
			remoteInfo = "SQLiteCipher Mac";
		};
		26E0FD2D1C2CA62800C192F7 /* PBXContainerItemProxy */ = {
			isa = PBXContainerItemProxy;
			containerPortal = 26E0FD131C2CA62800C192F7 /* SQLite.xcodeproj */;
			proxyType = 2;
			remoteGlobalIDString = DCE7BBB91B7438620040D364;
			remoteInfo = "SQLiteCipher Mac Tests";
		};
/* End PBXContainerItemProxy section */

/* Begin PBXFileReference section */
		268365311C31FD690068AE9E /* SQLiteConvertible.swift */ = {isa = PBXFileReference; fileEncoding = 4; lastKnownFileType = sourcecode.swift; path = SQLiteConvertible.swift; sourceTree = "<group>"; };
		26E0FCB41C2C9CEB00C192F7 /* SQLiteModel.framework */ = {isa = PBXFileReference; explicitFileType = wrapper.framework; includeInIndex = 0; path = SQLiteModel.framework; sourceTree = BUILT_PRODUCTS_DIR; };
		26E0FCB71C2C9CEB00C192F7 /* SQLiteModel.h */ = {isa = PBXFileReference; lastKnownFileType = sourcecode.c.h; path = SQLiteModel.h; sourceTree = "<group>"; };
		26E0FCB91C2C9CEB00C192F7 /* Info.plist */ = {isa = PBXFileReference; lastKnownFileType = text.plist.xml; path = Info.plist; sourceTree = "<group>"; };
		26E0FCBE1C2C9CEB00C192F7 /* SQLiteModelTests.xctest */ = {isa = PBXFileReference; explicitFileType = wrapper.cfbundle; includeInIndex = 0; path = SQLiteModelTests.xctest; sourceTree = BUILT_PRODUCTS_DIR; };
		26E0FCC31C2C9CEB00C192F7 /* SQLiteModelTests.swift */ = {isa = PBXFileReference; lastKnownFileType = sourcecode.swift; path = SQLiteModelTests.swift; sourceTree = "<group>"; };
		26E0FCC51C2C9CEB00C192F7 /* Info.plist */ = {isa = PBXFileReference; lastKnownFileType = text.plist.xml; path = Info.plist; sourceTree = "<group>"; };
		26E0FD0F1C2CA3CD00C192F7 /* SQLiteModel.swift */ = {isa = PBXFileReference; fileEncoding = 4; lastKnownFileType = sourcecode.swift; path = SQLiteModel.swift; sourceTree = "<group>"; };
		26E0FD111C2CA42A00C192F7 /* libsqlite3.0.tbd */ = {isa = PBXFileReference; lastKnownFileType = "sourcecode.text-based-dylib-definition"; name = libsqlite3.0.tbd; path = usr/lib/libsqlite3.0.tbd; sourceTree = SDKROOT; };
		26E0FD131C2CA62800C192F7 /* SQLite.xcodeproj */ = {isa = PBXFileReference; lastKnownFileType = "wrapper.pb-project"; name = SQLite.xcodeproj; path = SQLite.swift/SQLite.xcodeproj; sourceTree = "<group>"; };
		26E0FD301C2CA65900C192F7 /* SQLiteModelError.swift */ = {isa = PBXFileReference; fileEncoding = 4; lastKnownFileType = sourcecode.swift; path = SQLiteModelError.swift; sourceTree = "<group>"; };
		26E0FD341C2F301200C192F7 /* SQLiteDatabaseManager.swift */ = {isa = PBXFileReference; fileEncoding = 4; lastKnownFileType = sourcecode.swift; path = SQLiteDatabaseManager.swift; sourceTree = "<group>"; };
		26E0FD3A1C2F44B600C192F7 /* SQLiteModelInternalContextManager.swift */ = {isa = PBXFileReference; fileEncoding = 4; lastKnownFileType = sourcecode.swift; path = SQLiteModelInternalContextManager.swift; sourceTree = "<group>"; };
		26E0FD3C1C31EFA200C192F7 /* SQLiteModelTestCase.swift */ = {isa = PBXFileReference; fileEncoding = 4; lastKnownFileType = sourcecode.swift; path = SQLiteModelTestCase.swift; sourceTree = "<group>"; };
/* End PBXFileReference section */

/* Begin PBXFrameworksBuildPhase section */
		26E0FCB01C2C9CEB00C192F7 /* Frameworks */ = {
			isa = PBXFrameworksBuildPhase;
			buildActionMask = 2147483647;
			files = (
				26E0FD2F1C2CA63100C192F7 /* SQLite.framework in Frameworks */,
				26E0FD121C2CA42A00C192F7 /* libsqlite3.0.tbd in Frameworks */,
			);
			runOnlyForDeploymentPostprocessing = 0;
		};
		26E0FCBB1C2C9CEB00C192F7 /* Frameworks */ = {
			isa = PBXFrameworksBuildPhase;
			buildActionMask = 2147483647;
			files = (
				26E0FCBF1C2C9CEB00C192F7 /* SQLiteModel.framework in Frameworks */,
			);
			runOnlyForDeploymentPostprocessing = 0;
		};
/* End PBXFrameworksBuildPhase section */

/* Begin PBXGroup section */
		26E0FCAA1C2C9CEB00C192F7 = {
			isa = PBXGroup;
			children = (
				26E0FD131C2CA62800C192F7 /* SQLite.xcodeproj */,
				26E0FD111C2CA42A00C192F7 /* libsqlite3.0.tbd */,
				26E0FCB61C2C9CEB00C192F7 /* SQLiteModel */,
				26E0FCEF1C2CA2D500C192F7 /* Supporting Files */,
				26E0FCC21C2C9CEB00C192F7 /* SQLiteModelTests */,
				26E0FCB51C2C9CEB00C192F7 /* Products */,
			);
			sourceTree = "<group>";
		};
		26E0FCB51C2C9CEB00C192F7 /* Products */ = {
			isa = PBXGroup;
			children = (
				26E0FCB41C2C9CEB00C192F7 /* SQLiteModel.framework */,
				26E0FCBE1C2C9CEB00C192F7 /* SQLiteModelTests.xctest */,
			);
			name = Products;
			sourceTree = "<group>";
		};
		26E0FCB61C2C9CEB00C192F7 /* SQLiteModel */ = {
			isa = PBXGroup;
			children = (
				26E0FCEE1C2CA24700C192F7 /* Source */,
			);
			path = SQLiteModel;
			sourceTree = "<group>";
		};
		26E0FCC21C2C9CEB00C192F7 /* SQLiteModelTests */ = {
			isa = PBXGroup;
			children = (
				26E0FD3C1C31EFA200C192F7 /* SQLiteModelTestCase.swift */,
				26E0FCC31C2C9CEB00C192F7 /* SQLiteModelTests.swift */,
				26E0FCC51C2C9CEB00C192F7 /* Info.plist */,
			);
			path = SQLiteModelTests;
			sourceTree = "<group>";
		};
		26E0FCEE1C2CA24700C192F7 /* Source */ = {
			isa = PBXGroup;
			children = (
				26E0FD0F1C2CA3CD00C192F7 /* SQLiteModel.swift */,
				26E0FD301C2CA65900C192F7 /* SQLiteModelError.swift */,
				26E0FD341C2F301200C192F7 /* SQLiteDatabaseManager.swift */,
				26E0FD3A1C2F44B600C192F7 /* SQLiteModelInternalContextManager.swift */,
				268365311C31FD690068AE9E /* SQLiteConvertible.swift */,
			);
			name = Source;
			sourceTree = "<group>";
		};
		26E0FCEF1C2CA2D500C192F7 /* Supporting Files */ = {
			isa = PBXGroup;
			children = (
				26E0FCB71C2C9CEB00C192F7 /* SQLiteModel.h */,
				26E0FCB91C2C9CEB00C192F7 /* Info.plist */,
			);
			name = "Supporting Files";
			path = SQLiteModel;
			sourceTree = "<group>";
		};
		26E0FD141C2CA62800C192F7 /* Products */ = {
			isa = PBXGroup;
			children = (
				26E0FD201C2CA62800C192F7 /* SQLite.framework */,
				26E0FD221C2CA62800C192F7 /* SQLite iOS Tests.xctest */,
				26E0FD241C2CA62800C192F7 /* SQLite.framework */,
				26E0FD261C2CA62800C192F7 /* SQLite Mac Tests.xctest */,
				26E0FD281C2CA62800C192F7 /* SQLiteCipher.framework */,
				26E0FD2A1C2CA62800C192F7 /* SQLiteCipher iOS Tests.xctest */,
				26E0FD2C1C2CA62800C192F7 /* SQLiteCipher.framework */,
				26E0FD2E1C2CA62800C192F7 /* SQLiteCipher Mac Tests.xctest */,
			);
			name = Products;
			sourceTree = "<group>";
		};
/* End PBXGroup section */

/* Begin PBXHeadersBuildPhase section */
		26E0FCB11C2C9CEB00C192F7 /* Headers */ = {
			isa = PBXHeadersBuildPhase;
			buildActionMask = 2147483647;
			files = (
				26E0FCB81C2C9CEB00C192F7 /* SQLiteModel.h in Headers */,
			);
			runOnlyForDeploymentPostprocessing = 0;
		};
/* End PBXHeadersBuildPhase section */

/* Begin PBXNativeTarget section */
		26E0FCB31C2C9CEB00C192F7 /* SQLiteModel */ = {
			isa = PBXNativeTarget;
			buildConfigurationList = 26E0FCC81C2C9CEB00C192F7 /* Build configuration list for PBXNativeTarget "SQLiteModel" */;
			buildPhases = (
				26E0FCAF1C2C9CEB00C192F7 /* Sources */,
				26E0FCB01C2C9CEB00C192F7 /* Frameworks */,
				26E0FCB11C2C9CEB00C192F7 /* Headers */,
				26E0FCB21C2C9CEB00C192F7 /* Resources */,
			);
			buildRules = (
			);
			dependencies = (
			);
			name = SQLiteModel;
			productName = SQLiteModel;
			productReference = 26E0FCB41C2C9CEB00C192F7 /* SQLiteModel.framework */;
			productType = "com.apple.product-type.framework";
		};
		26E0FCBD1C2C9CEB00C192F7 /* SQLiteModelTests */ = {
			isa = PBXNativeTarget;
			buildConfigurationList = 26E0FCCB1C2C9CEB00C192F7 /* Build configuration list for PBXNativeTarget "SQLiteModelTests" */;
			buildPhases = (
				26E0FCBA1C2C9CEB00C192F7 /* Sources */,
				26E0FCBB1C2C9CEB00C192F7 /* Frameworks */,
				26E0FCBC1C2C9CEB00C192F7 /* Resources */,
			);
			buildRules = (
			);
			dependencies = (
				26E0FCC11C2C9CEB00C192F7 /* PBXTargetDependency */,
			);
			name = SQLiteModelTests;
			productName = SQLiteModelTests;
			productReference = 26E0FCBE1C2C9CEB00C192F7 /* SQLiteModelTests.xctest */;
			productType = "com.apple.product-type.bundle.unit-test";
		};
/* End PBXNativeTarget section */

/* Begin PBXProject section */
		26E0FCAB1C2C9CEB00C192F7 /* Project object */ = {
			isa = PBXProject;
			attributes = {
				LastSwiftUpdateCheck = 0720;
				LastUpgradeCheck = 0720;
				ORGANIZATIONNAME = jhurray;
				TargetAttributes = {
					26E0FCB31C2C9CEB00C192F7 = {
						CreatedOnToolsVersion = 7.2;
					};
					26E0FCBD1C2C9CEB00C192F7 = {
						CreatedOnToolsVersion = 7.2;
					};
				};
			};
			buildConfigurationList = 26E0FCAE1C2C9CEB00C192F7 /* Build configuration list for PBXProject "SQLiteModel" */;
			compatibilityVersion = "Xcode 3.2";
			developmentRegion = English;
			hasScannedForEncodings = 0;
			knownRegions = (
				en,
			);
			mainGroup = 26E0FCAA1C2C9CEB00C192F7;
			productRefGroup = 26E0FCB51C2C9CEB00C192F7 /* Products */;
			projectDirPath = "";
			projectReferences = (
				{
					ProductGroup = 26E0FD141C2CA62800C192F7 /* Products */;
					ProjectRef = 26E0FD131C2CA62800C192F7 /* SQLite.xcodeproj */;
				},
			);
			projectRoot = "";
			targets = (
				26E0FCB31C2C9CEB00C192F7 /* SQLiteModel */,
				26E0FCBD1C2C9CEB00C192F7 /* SQLiteModelTests */,
			);
		};
/* End PBXProject section */

/* Begin PBXReferenceProxy section */
		26E0FD201C2CA62800C192F7 /* SQLite.framework */ = {
			isa = PBXReferenceProxy;
			fileType = wrapper.framework;
			path = SQLite.framework;
			remoteRef = 26E0FD1F1C2CA62800C192F7 /* PBXContainerItemProxy */;
			sourceTree = BUILT_PRODUCTS_DIR;
		};
		26E0FD221C2CA62800C192F7 /* SQLite iOS Tests.xctest */ = {
			isa = PBXReferenceProxy;
			fileType = wrapper.cfbundle;
			path = "SQLite iOS Tests.xctest";
			remoteRef = 26E0FD211C2CA62800C192F7 /* PBXContainerItemProxy */;
			sourceTree = BUILT_PRODUCTS_DIR;
		};
		26E0FD241C2CA62800C192F7 /* SQLite.framework */ = {
			isa = PBXReferenceProxy;
			fileType = wrapper.framework;
			path = SQLite.framework;
			remoteRef = 26E0FD231C2CA62800C192F7 /* PBXContainerItemProxy */;
			sourceTree = BUILT_PRODUCTS_DIR;
		};
		26E0FD261C2CA62800C192F7 /* SQLite Mac Tests.xctest */ = {
			isa = PBXReferenceProxy;
			fileType = wrapper.cfbundle;
			path = "SQLite Mac Tests.xctest";
			remoteRef = 26E0FD251C2CA62800C192F7 /* PBXContainerItemProxy */;
			sourceTree = BUILT_PRODUCTS_DIR;
		};
		26E0FD281C2CA62800C192F7 /* SQLiteCipher.framework */ = {
			isa = PBXReferenceProxy;
			fileType = wrapper.framework;
			path = SQLiteCipher.framework;
			remoteRef = 26E0FD271C2CA62800C192F7 /* PBXContainerItemProxy */;
			sourceTree = BUILT_PRODUCTS_DIR;
		};
		26E0FD2A1C2CA62800C192F7 /* SQLiteCipher iOS Tests.xctest */ = {
			isa = PBXReferenceProxy;
			fileType = wrapper.cfbundle;
			path = "SQLiteCipher iOS Tests.xctest";
			remoteRef = 26E0FD291C2CA62800C192F7 /* PBXContainerItemProxy */;
			sourceTree = BUILT_PRODUCTS_DIR;
		};
		26E0FD2C1C2CA62800C192F7 /* SQLiteCipher.framework */ = {
			isa = PBXReferenceProxy;
			fileType = wrapper.framework;
			path = SQLiteCipher.framework;
			remoteRef = 26E0FD2B1C2CA62800C192F7 /* PBXContainerItemProxy */;
			sourceTree = BUILT_PRODUCTS_DIR;
		};
		26E0FD2E1C2CA62800C192F7 /* SQLiteCipher Mac Tests.xctest */ = {
			isa = PBXReferenceProxy;
			fileType = wrapper.cfbundle;
			path = "SQLiteCipher Mac Tests.xctest";
			remoteRef = 26E0FD2D1C2CA62800C192F7 /* PBXContainerItemProxy */;
			sourceTree = BUILT_PRODUCTS_DIR;
		};
/* End PBXReferenceProxy section */

/* Begin PBXResourcesBuildPhase section */
		26E0FCB21C2C9CEB00C192F7 /* Resources */ = {
			isa = PBXResourcesBuildPhase;
			buildActionMask = 2147483647;
			files = (
			);
			runOnlyForDeploymentPostprocessing = 0;
		};
		26E0FCBC1C2C9CEB00C192F7 /* Resources */ = {
			isa = PBXResourcesBuildPhase;
			buildActionMask = 2147483647;
			files = (
			);
			runOnlyForDeploymentPostprocessing = 0;
		};
/* End PBXResourcesBuildPhase section */

/* Begin PBXSourcesBuildPhase section */
		26E0FCAF1C2C9CEB00C192F7 /* Sources */ = {
			isa = PBXSourcesBuildPhase;
			buildActionMask = 2147483647;
			files = (
				26E0FD351C2F301200C192F7 /* SQLiteDatabaseManager.swift in Sources */,
				26E0FD311C2CA65900C192F7 /* SQLiteModelError.swift in Sources */,
				26E0FD3B1C2F44B600C192F7 /* SQLiteModelInternalContextManager.swift in Sources */,
				26E0FD101C2CA3CD00C192F7 /* SQLiteModel.swift in Sources */,
				268365321C31FD690068AE9E /* SQLiteConvertible.swift in Sources */,
			);
			runOnlyForDeploymentPostprocessing = 0;
		};
		26E0FCBA1C2C9CEB00C192F7 /* Sources */ = {
			isa = PBXSourcesBuildPhase;
			buildActionMask = 2147483647;
			files = (
				26E0FCC41C2C9CEB00C192F7 /* SQLiteModelTests.swift in Sources */,
				26E0FD3D1C31EFA200C192F7 /* SQLiteModelTestCase.swift in Sources */,
			);
			runOnlyForDeploymentPostprocessing = 0;
		};
/* End PBXSourcesBuildPhase section */

/* Begin PBXTargetDependency section */
		26E0FCC11C2C9CEB00C192F7 /* PBXTargetDependency */ = {
			isa = PBXTargetDependency;
			target = 26E0FCB31C2C9CEB00C192F7 /* SQLiteModel */;
			targetProxy = 26E0FCC01C2C9CEB00C192F7 /* PBXContainerItemProxy */;
		};
/* End PBXTargetDependency section */

/* Begin XCBuildConfiguration section */
		26E0FCC61C2C9CEB00C192F7 /* Debug */ = {
			isa = XCBuildConfiguration;
			buildSettings = {
				ALWAYS_SEARCH_USER_PATHS = NO;
				CLANG_CXX_LANGUAGE_STANDARD = "gnu++0x";
				CLANG_CXX_LIBRARY = "libc++";
				CLANG_ENABLE_MODULES = YES;
				CLANG_ENABLE_OBJC_ARC = YES;
				CLANG_WARN_BOOL_CONVERSION = YES;
				CLANG_WARN_CONSTANT_CONVERSION = YES;
				CLANG_WARN_DIRECT_OBJC_ISA_USAGE = YES_ERROR;
				CLANG_WARN_EMPTY_BODY = YES;
				CLANG_WARN_ENUM_CONVERSION = YES;
				CLANG_WARN_INT_CONVERSION = YES;
				CLANG_WARN_OBJC_ROOT_CLASS = YES_ERROR;
				CLANG_WARN_UNREACHABLE_CODE = YES;
				CLANG_WARN__DUPLICATE_METHOD_MATCH = YES;
				"CODE_SIGN_IDENTITY[sdk=iphoneos*]" = "iPhone Developer";
				COPY_PHASE_STRIP = NO;
				CURRENT_PROJECT_VERSION = 1;
				DEBUG_INFORMATION_FORMAT = dwarf;
				ENABLE_STRICT_OBJC_MSGSEND = YES;
				ENABLE_TESTABILITY = YES;
				GCC_C_LANGUAGE_STANDARD = gnu99;
				GCC_DYNAMIC_NO_PIC = NO;
				GCC_NO_COMMON_BLOCKS = YES;
				GCC_OPTIMIZATION_LEVEL = 0;
				GCC_PREPROCESSOR_DEFINITIONS = (
					"DEBUG=1",
					"$(inherited)",
				);
				GCC_WARN_64_TO_32_BIT_CONVERSION = YES;
				GCC_WARN_ABOUT_RETURN_TYPE = YES_ERROR;
				GCC_WARN_UNDECLARED_SELECTOR = YES;
				GCC_WARN_UNINITIALIZED_AUTOS = YES_AGGRESSIVE;
				GCC_WARN_UNUSED_FUNCTION = YES;
				GCC_WARN_UNUSED_VARIABLE = YES;
				IPHONEOS_DEPLOYMENT_TARGET = 9.2;
				MTL_ENABLE_DEBUG_INFO = YES;
				ONLY_ACTIVE_ARCH = YES;
				SDKROOT = iphoneos;
				SWIFT_OPTIMIZATION_LEVEL = "-Onone";
				TARGETED_DEVICE_FAMILY = "1,2";
				VERSIONING_SYSTEM = "apple-generic";
				VERSION_INFO_PREFIX = "";
			};
			name = Debug;
		};
		26E0FCC71C2C9CEB00C192F7 /* Release */ = {
			isa = XCBuildConfiguration;
			buildSettings = {
				ALWAYS_SEARCH_USER_PATHS = NO;
				CLANG_CXX_LANGUAGE_STANDARD = "gnu++0x";
				CLANG_CXX_LIBRARY = "libc++";
				CLANG_ENABLE_MODULES = YES;
				CLANG_ENABLE_OBJC_ARC = YES;
				CLANG_WARN_BOOL_CONVERSION = YES;
				CLANG_WARN_CONSTANT_CONVERSION = YES;
				CLANG_WARN_DIRECT_OBJC_ISA_USAGE = YES_ERROR;
				CLANG_WARN_EMPTY_BODY = YES;
				CLANG_WARN_ENUM_CONVERSION = YES;
				CLANG_WARN_INT_CONVERSION = YES;
				CLANG_WARN_OBJC_ROOT_CLASS = YES_ERROR;
				CLANG_WARN_UNREACHABLE_CODE = YES;
				CLANG_WARN__DUPLICATE_METHOD_MATCH = YES;
				"CODE_SIGN_IDENTITY[sdk=iphoneos*]" = "iPhone Developer";
				COPY_PHASE_STRIP = NO;
				CURRENT_PROJECT_VERSION = 1;
				DEBUG_INFORMATION_FORMAT = "dwarf-with-dsym";
				ENABLE_NS_ASSERTIONS = NO;
				ENABLE_STRICT_OBJC_MSGSEND = YES;
				GCC_C_LANGUAGE_STANDARD = gnu99;
				GCC_NO_COMMON_BLOCKS = YES;
				GCC_WARN_64_TO_32_BIT_CONVERSION = YES;
				GCC_WARN_ABOUT_RETURN_TYPE = YES_ERROR;
				GCC_WARN_UNDECLARED_SELECTOR = YES;
				GCC_WARN_UNINITIALIZED_AUTOS = YES_AGGRESSIVE;
				GCC_WARN_UNUSED_FUNCTION = YES;
				GCC_WARN_UNUSED_VARIABLE = YES;
				IPHONEOS_DEPLOYMENT_TARGET = 9.2;
				MTL_ENABLE_DEBUG_INFO = NO;
				SDKROOT = iphoneos;
				TARGETED_DEVICE_FAMILY = "1,2";
				VALIDATE_PRODUCT = YES;
				VERSIONING_SYSTEM = "apple-generic";
				VERSION_INFO_PREFIX = "";
			};
			name = Release;
		};
		26E0FCC91C2C9CEB00C192F7 /* Debug */ = {
			isa = XCBuildConfiguration;
			buildSettings = {
				CLANG_ENABLE_MODULES = YES;
				DEFINES_MODULE = YES;
				DYLIB_COMPATIBILITY_VERSION = 1;
				DYLIB_CURRENT_VERSION = 1;
				DYLIB_INSTALL_NAME_BASE = "@rpath";
				INFOPLIST_FILE = SQLiteModel/Info.plist;
				INSTALL_PATH = "$(LOCAL_LIBRARY_DIR)/Frameworks";
				LD_RUNPATH_SEARCH_PATHS = "$(inherited) @executable_path/Frameworks @loader_path/Frameworks";
				PRODUCT_BUNDLE_IDENTIFIER = com.guarenteed.SQLiteModel;
				PRODUCT_NAME = "$(TARGET_NAME)";
				SKIP_INSTALL = YES;
				SWIFT_OPTIMIZATION_LEVEL = "-Onone";
			};
			name = Debug;
		};
		26E0FCCA1C2C9CEB00C192F7 /* Release */ = {
			isa = XCBuildConfiguration;
			buildSettings = {
				CLANG_ENABLE_MODULES = YES;
				DEFINES_MODULE = YES;
				DYLIB_COMPATIBILITY_VERSION = 1;
				DYLIB_CURRENT_VERSION = 1;
				DYLIB_INSTALL_NAME_BASE = "@rpath";
				INFOPLIST_FILE = SQLiteModel/Info.plist;
				INSTALL_PATH = "$(LOCAL_LIBRARY_DIR)/Frameworks";
				LD_RUNPATH_SEARCH_PATHS = "$(inherited) @executable_path/Frameworks @loader_path/Frameworks";
				PRODUCT_BUNDLE_IDENTIFIER = com.guarenteed.SQLiteModel;
				PRODUCT_NAME = "$(TARGET_NAME)";
				SKIP_INSTALL = YES;
			};
			name = Release;
		};
		26E0FCCC1C2C9CEB00C192F7 /* Debug */ = {
			isa = XCBuildConfiguration;
			buildSettings = {
				INFOPLIST_FILE = SQLiteModelTests/Info.plist;
				LD_RUNPATH_SEARCH_PATHS = "$(inherited) @executable_path/Frameworks @loader_path/Frameworks";
				PRODUCT_BUNDLE_IDENTIFIER = com.guarenteed.SQLiteModelTests;
				PRODUCT_NAME = "$(TARGET_NAME)";
			};
			name = Debug;
		};
		26E0FCCD1C2C9CEB00C192F7 /* Release */ = {
			isa = XCBuildConfiguration;
			buildSettings = {
				INFOPLIST_FILE = SQLiteModelTests/Info.plist;
				LD_RUNPATH_SEARCH_PATHS = "$(inherited) @executable_path/Frameworks @loader_path/Frameworks";
				PRODUCT_BUNDLE_IDENTIFIER = com.guarenteed.SQLiteModelTests;
				PRODUCT_NAME = "$(TARGET_NAME)";
			};
			name = Release;
		};
/* End XCBuildConfiguration section */

/* Begin XCConfigurationList section */
		26E0FCAE1C2C9CEB00C192F7 /* Build configuration list for PBXProject "SQLiteModel" */ = {
			isa = XCConfigurationList;
			buildConfigurations = (
				26E0FCC61C2C9CEB00C192F7 /* Debug */,
				26E0FCC71C2C9CEB00C192F7 /* Release */,
			);
			defaultConfigurationIsVisible = 0;
			defaultConfigurationName = Release;
		};
		26E0FCC81C2C9CEB00C192F7 /* Build configuration list for PBXNativeTarget "SQLiteModel" */ = {
			isa = XCConfigurationList;
			buildConfigurations = (
				26E0FCC91C2C9CEB00C192F7 /* Debug */,
				26E0FCCA1C2C9CEB00C192F7 /* Release */,
			);
			defaultConfigurationIsVisible = 0;
			defaultConfigurationName = Release;
		};
		26E0FCCB1C2C9CEB00C192F7 /* Build configuration list for PBXNativeTarget "SQLiteModelTests" */ = {
			isa = XCConfigurationList;
			buildConfigurations = (
				26E0FCCC1C2C9CEB00C192F7 /* Debug */,
				26E0FCCD1C2C9CEB00C192F7 /* Release */,
			);
			defaultConfigurationIsVisible = 0;
			defaultConfigurationName = Release;
		};
/* End XCConfigurationList section */
	};
	rootObject = 26E0FCAB1C2C9CEB00C192F7 /* Project object */;
}
